
Microsoft Visual Studio Solution File, Format Version 12.00
# Visual Studio Version 17
VisualStudioVersion = 17.6.33815.320
MinimumVisualStudioVersion = 10.0.40219.1
Project("{FAE04EC0-301F-11D3-BF4B-00C04F79EFBC}") = "arbolBinario", "arbolBinario\arbolBinario.csproj", "{480E2BF7-F10C-45AF-A189-23F6CB21D3BA}"
EndProject
Global
	GlobalSection(SolutionConfigurationPlatforms) = preSolution
		Debug|Any CPU = Debug|Any CPU
		Release|Any CPU = Release|Any CPU
	EndGlobalSection
	GlobalSection(ProjectConfigurationPlatforms) = postSolution
		{480E2BF7-F10C-45AF-A189-23F6CB21D3BA}.Debug|Any CPU.ActiveCfg = Debug|Any CPU
		{480E2BF7-F10C-45AF-A189-23F6CB21D3BA}.Debug|Any CPU.Build.0 = Debug|Any CPU
		{480E2BF7-F10C-45AF-A189-23F6CB21D3BA}.Release|Any CPU.ActiveCfg = Release|Any CPU
		{480E2BF7-F10C-45AF-A189-23F6CB21D3BA}.Release|Any CPU.Build.0 = Release|Any CPU
	EndGlobalSection
	GlobalSection(SolutionProperties) = preSolution
		HideSolutionNode = FALSE
	EndGlobalSection
	GlobalSection(ExtensibilityGlobals) = postSolution
		SolutionGuid = {DF23FCDA-DE70-4639-BE54-7F102625EC5D}
	EndGlobalSection
EndGlobal
